
Microsoft Visual Studio Solution File, Format Version 12.00
# Visual Studio Version 17
VisualStudioVersion = 17.5.002.0
MinimumVisualStudioVersion = 10.0.40219.1
Project("{9A19103F-16F7-4668-BE54-9A1E7A4F7556}") = "UrlShortener", "UrlShortener.csproj", "{730A682B-0093-478C-BD9F-5F191946A343}"
EndProject
Global
	GlobalSection(SolutionConfigurationPlatforms) = preSolution
		Debug|Any CPU = Debug|Any CPU
		Release|Any CPU = Release|Any CPU
	EndGlobalSection
	GlobalSection(ProjectConfigurationPlatforms) = postSolution
		{730A682B-0093-478C-BD9F-5F191946A343}.Debug|Any CPU.ActiveCfg = Debug|Any CPU
		{730A682B-0093-478C-BD9F-5F191946A343}.Debug|Any CPU.Build.0 = Debug|Any CPU
		{730A682B-0093-478C-BD9F-5F191946A343}.Release|Any CPU.ActiveCfg = Release|Any CPU
		{730A682B-0093-478C-BD9F-5F191946A343}.Release|Any CPU.Build.0 = Release|Any CPU
	EndGlobalSection
	GlobalSection(SolutionProperties) = preSolution
		HideSolutionNode = FALSE
	EndGlobalSection
	GlobalSection(ExtensibilityGlobals) = postSolution
		SolutionGuid = {EEAB9874-CAC8-429D-989E-7E25A0CDFCDC}
	EndGlobalSection
EndGlobal
